{
  "requires": true,
  "lockfileVersion": 1,
  "dependencies": {
    "argparse": {
      "version": "1.0.9",
      "resolved": "http://registry.npm.taobao.org/argparse/download/argparse-1.0.9.tgz",
      "integrity": "sha1-c9g7wmP4bpf4zE9rrhsOkKfSLIY=",
      "requires": {
        "sprintf-js": "1.0.3"
      }
    },
    "crypto-js": {
      "version": "3.1.9-1",
      "resolved": "http://registry.npm.taobao.org/crypto-js/download/crypto-js-3.1.9-1.tgz",
      "integrity": "sha1-/aGedh/Ad+Af+/3G6f38WeiAbNg="
    },
    "esprima": {
      "version": "4.0.0",
      "resolved": "http://registry.npm.taobao.org/esprima/download/esprima-4.0.0.tgz",
      "integrity": "sha1-RJnt3NERDgshi6zy+n9/WfVcqAQ="
    },
    "js-yaml": {
      "version": "3.10.0",
      "resolved": "http://registry.npm.taobao.org/js-yaml/download/js-yaml-3.10.0.tgz",
      "integrity": "sha1-LnhEFka9RoLpY/IrbpKCPDCcYtw=",
      "requires": {
        "argparse": "1.0.9",
        "esprima": "4.0.0"
      }
    },
    "moment": {
      "version": "2.20.1",
      "resolved": "http://registry.npm.taobao.org/moment/download/moment-2.20.1.tgz",
      "integrity": "sha1-1usaRsvMFKKy+UNBEsH/iQfzE/0="
    },
    "sprintf-js": {
      "version": "1.0.3",
      "resolved": "http://registry.npm.taobao.org/sprintf-js/download/sprintf-js-1.0.3.tgz",
      "integrity": "sha1-BOaSb2YolTVPPdAVIDYzuFcpfiw="
    }
  }
}
